
Microsoft Visual Studio Solution File, Format Version 12.00
# Visual Studio 15
VisualStudioVersion = 15.0.28307.757
MinimumVisualStudioVersion = 10.0.40219.1
Project("{FAE04EC0-301F-11D3-BF4B-00C04F79EFBC}") = "Quicksort Algorigthm", "Quicksort Algorigthm\Quicksort Algorigthm.csproj", "{24F6623C-A43A-43E3-BA54-8973C94C0021}"
EndProject
Global
	GlobalSection(SolutionConfigurationPlatforms) = preSolution
		Debug|Any CPU = Debug|Any CPU
		Release|Any CPU = Release|Any CPU
	EndGlobalSection
	GlobalSection(ProjectConfigurationPlatforms) = postSolution
		{24F6623C-A43A-43E3-BA54-8973C94C0021}.Debug|Any CPU.ActiveCfg = Debug|Any CPU
		{24F6623C-A43A-43E3-BA54-8973C94C0021}.Debug|Any CPU.Build.0 = Debug|Any CPU
		{24F6623C-A43A-43E3-BA54-8973C94C0021}.Release|Any CPU.ActiveCfg = Release|Any CPU
		{24F6623C-A43A-43E3-BA54-8973C94C0021}.Release|Any CPU.Build.0 = Release|Any CPU
	EndGlobalSection
	GlobalSection(SolutionProperties) = preSolution
		HideSolutionNode = FALSE
	EndGlobalSection
	GlobalSection(ExtensibilityGlobals) = postSolution
		SolutionGuid = {92ECCDF8-F0A6-41A9-8E84-98773AB6E666}
	EndGlobalSection
EndGlobal
